
Microsoft Visual Studio Solution File, Format Version 12.00
# Visual Studio 14
VisualStudioVersion = 14.0.24720.0
MinimumVisualStudioVersion = 10.0.40219.1
Project("{FAE04EC0-301F-11D3-BF4B-00C04F79EFBC}") = "FreelanceManager", "FreelanceManager\FreelanceManager.csproj", "{4509255F-894B-4D31-BCA5-D697A8195F06}"
	ProjectSection(ProjectDependencies) = postProject
		{7784B65A-AEEC-4568-B71D-98B45A1E969D} = {7784B65A-AEEC-4568-B71D-98B45A1E969D}
	EndProjectSection
EndProject
Project("{FAE04EC0-301F-11D3-BF4B-00C04F79EFBC}") = "FreelanceManager.Database", "FreelanceManager.Database\FreelanceManager.Database.csproj", "{7784B65A-AEEC-4568-B71D-98B45A1E969D}"
EndProject
Project("{FAE04EC0-301F-11D3-BF4B-00C04F79EFBC}") = "FreelanceManager.Properties", "FreelanceManager.Properties\FreelanceManager.Properties.csproj", "{33E2BC8C-F264-4D70-8709-897E1C8A178E}"
EndProject
Project("{FAE04EC0-301F-11D3-BF4B-00C04F79EFBC}") = "FreelanceManager.Utilities", "FreelanceManager.Utilities\FreelanceManager.Utilities.csproj", "{E7E29EA9-C8C5-45F4-AD95-C7549FA7FFFF}"
EndProject
Project("{FAE04EC0-301F-11D3-BF4B-00C04F79EFBC}") = "FreelanceManager.GoogleHelper", "FreelanceManager.GoogleHelper\FreelanceManager.GoogleHelper.csproj", "{A4773734-FF8F-4157-A257-BC9A1386E0CF}"
EndProject
Project("{FAE04EC0-301F-11D3-BF4B-00C04F79EFBC}") = "FreelanceManager.Archiver", "FreelanceManager.Archiver\FreelanceManager.Archiver.csproj", "{F13D29BC-5236-4619-8946-05A930658B3D}"
EndProject
Global
	GlobalSection(SolutionConfigurationPlatforms) = preSolution
		Debug|Any CPU = Debug|Any CPU
		Debug|x64 = Debug|x64
		Release|Any CPU = Release|Any CPU
		Release|x64 = Release|x64
	EndGlobalSection
	GlobalSection(ProjectConfigurationPlatforms) = postSolution
		{4509255F-894B-4D31-BCA5-D697A8195F06}.Debug|Any CPU.ActiveCfg = Debug|Any CPU
		{4509255F-894B-4D31-BCA5-D697A8195F06}.Debug|Any CPU.Build.0 = Debug|Any CPU
		{4509255F-894B-4D31-BCA5-D697A8195F06}.Debug|x64.ActiveCfg = Debug|x64
		{4509255F-894B-4D31-BCA5-D697A8195F06}.Debug|x64.Build.0 = Debug|x64
		{4509255F-894B-4D31-BCA5-D697A8195F06}.Release|Any CPU.ActiveCfg = Release|Any CPU
		{4509255F-894B-4D31-BCA5-D697A8195F06}.Release|Any CPU.Build.0 = Release|Any CPU
		{4509255F-894B-4D31-BCA5-D697A8195F06}.Release|x64.ActiveCfg = Release|x64
		{4509255F-894B-4D31-BCA5-D697A8195F06}.Release|x64.Build.0 = Release|x64
		{7784B65A-AEEC-4568-B71D-98B45A1E969D}.Debug|Any CPU.ActiveCfg = Debug|Any CPU
		{7784B65A-AEEC-4568-B71D-98B45A1E969D}.Debug|Any CPU.Build.0 = Debug|Any CPU
		{7784B65A-AEEC-4568-B71D-98B45A1E969D}.Debug|x64.ActiveCfg = Debug|x64
		{7784B65A-AEEC-4568-B71D-98B45A1E969D}.Debug|x64.Build.0 = Debug|x64
		{7784B65A-AEEC-4568-B71D-98B45A1E969D}.Release|Any CPU.ActiveCfg = Release|Any CPU
		{7784B65A-AEEC-4568-B71D-98B45A1E969D}.Release|Any CPU.Build.0 = Release|Any CPU
		{7784B65A-AEEC-4568-B71D-98B45A1E969D}.Release|x64.ActiveCfg = Release|Any CPU
		{7784B65A-AEEC-4568-B71D-98B45A1E969D}.Release|x64.Build.0 = Release|Any CPU
		{33E2BC8C-F264-4D70-8709-897E1C8A178E}.Debug|Any CPU.ActiveCfg = Debug|Any CPU
		{33E2BC8C-F264-4D70-8709-897E1C8A178E}.Debug|Any CPU.Build.0 = Debug|Any CPU
		{33E2BC8C-F264-4D70-8709-897E1C8A178E}.Debug|x64.ActiveCfg = Debug|x64
		{33E2BC8C-F264-4D70-8709-897E1C8A178E}.Debug|x64.Build.0 = Debug|x64
		{33E2BC8C-F264-4D70-8709-897E1C8A178E}.Release|Any CPU.ActiveCfg = Release|Any CPU
		{33E2BC8C-F264-4D70-8709-897E1C8A178E}.Release|Any CPU.Build.0 = Release|Any CPU
		{33E2BC8C-F264-4D70-8709-897E1C8A178E}.Release|x64.ActiveCfg = Release|Any CPU
		{33E2BC8C-F264-4D70-8709-897E1C8A178E}.Release|x64.Build.0 = Release|Any CPU
		{E7E29EA9-C8C5-45F4-AD95-C7549FA7FFFF}.Debug|Any CPU.ActiveCfg = Debug|Any CPU
		{E7E29EA9-C8C5-45F4-AD95-C7549FA7FFFF}.Debug|Any CPU.Build.0 = Debug|Any CPU
		{E7E29EA9-C8C5-45F4-AD95-C7549FA7FFFF}.Debug|x64.ActiveCfg = Debug|x64
		{E7E29EA9-C8C5-45F4-AD95-C7549FA7FFFF}.Debug|x64.Build.0 = Debug|x64
		{E7E29EA9-C8C5-45F4-AD95-C7549FA7FFFF}.Release|Any CPU.ActiveCfg = Release|Any CPU
		{E7E29EA9-C8C5-45F4-AD95-C7549FA7FFFF}.Release|Any CPU.Build.0 = Release|Any CPU
		{E7E29EA9-C8C5-45F4-AD95-C7549FA7FFFF}.Release|x64.ActiveCfg = Release|Any CPU
		{E7E29EA9-C8C5-45F4-AD95-C7549FA7FFFF}.Release|x64.Build.0 = Release|Any CPU
		{A4773734-FF8F-4157-A257-BC9A1386E0CF}.Debug|Any CPU.ActiveCfg = Debug|Any CPU
		{A4773734-FF8F-4157-A257-BC9A1386E0CF}.Debug|Any CPU.Build.0 = Debug|Any CPU
		{A4773734-FF8F-4157-A257-BC9A1386E0CF}.Debug|x64.ActiveCfg = Debug|x64
		{A4773734-FF8F-4157-A257-BC9A1386E0CF}.Debug|x64.Build.0 = Debug|x64
		{A4773734-FF8F-4157-A257-BC9A1386E0CF}.Release|Any CPU.ActiveCfg = Release|Any CPU
		{A4773734-FF8F-4157-A257-BC9A1386E0CF}.Release|Any CPU.Build.0 = Release|Any CPU
		{A4773734-FF8F-4157-A257-BC9A1386E0CF}.Release|x64.ActiveCfg = Release|Any CPU
		{A4773734-FF8F-4157-A257-BC9A1386E0CF}.Release|x64.Build.0 = Release|Any CPU
		{F13D29BC-5236-4619-8946-05A930658B3D}.Debug|Any CPU.ActiveCfg = Debug|Any CPU
		{F13D29BC-5236-4619-8946-05A930658B3D}.Debug|Any CPU.Build.0 = Debug|Any CPU
		{F13D29BC-5236-4619-8946-05A930658B3D}.Debug|x64.ActiveCfg = Debug|x64
		{F13D29BC-5236-4619-8946-05A930658B3D}.Debug|x64.Build.0 = Debug|x64
		{F13D29BC-5236-4619-8946-05A930658B3D}.Release|Any CPU.ActiveCfg = Release|Any CPU
		{F13D29BC-5236-4619-8946-05A930658B3D}.Release|Any CPU.Build.0 = Release|Any CPU
		{F13D29BC-5236-4619-8946-05A930658B3D}.Release|x64.ActiveCfg = Release|Any CPU
		{F13D29BC-5236-4619-8946-05A930658B3D}.Release|x64.Build.0 = Release|Any CPU
	EndGlobalSection
	GlobalSection(SolutionProperties) = preSolution
		HideSolutionNode = FALSE
	EndGlobalSection
EndGlobal
